
Microsoft Visual Studio Solution File, Format Version 12.00
# Visual Studio Version 17
VisualStudioVersion = 17.0.31903.59
MinimumVisualStudioVersion = 10.0.40219.1
Project("{2150E333-8FDC-42A3-9474-1A3956D46DE8}") = "src", "src", "{827E0CD3-B72D-47B6-A68D-7590B98EB39B}"
EndProject
Project("{FAE04EC0-301F-11D3-BF4B-00C04F79EFBC}") = "TR.Maui.AnchorPopover", "src\TR.Maui.AnchorPopover\TR.Maui.AnchorPopover.csproj", "{997C2670-AAED-4092-AEB7-03AC2F374BCD}"
EndProject
Project("{2150E333-8FDC-42A3-9474-1A3956D46DE8}") = "samples", "samples", "{5D20AA90-6969-D8BD-9DCD-8634F4692FDA}"
EndProject
Project("{FAE04EC0-301F-11D3-BF4B-00C04F79EFBC}") = "TR.Maui.AnchorPopover.Sample", "samples\TR.Maui.AnchorPopover.Sample\TR.Maui.AnchorPopover.Sample.csproj", "{875D0576-B85E-4B10-A92B-8E9F1F51DB1E}"
EndProject
Project("{2150E333-8FDC-42A3-9474-1A3956D46DE8}") = "tests", "tests", "{0AB3BF05-4346-4AA6-1389-037BE0695223}"
EndProject
Project("{FAE04EC0-301F-11D3-BF4B-00C04F79EFBC}") = "TR.Maui.AnchorPopover.UnitTests", "tests\TR.Maui.AnchorPopover.UnitTests\TR.Maui.AnchorPopover.UnitTests.csproj", "{3349A969-B58C-44B3-9B15-70AB8F192AB4}"
EndProject
Project("{FAE04EC0-301F-11D3-BF4B-00C04F79EFBC}") = "TR.Maui.AnchorPopover.UITests", "tests\TR.Maui.AnchorPopover.UITests\TR.Maui.AnchorPopover.UITests.csproj", "{F49F3E74-32F8-44E6-BC22-23409C3837C7}"
EndProject
Global
	GlobalSection(SolutionConfigurationPlatforms) = preSolution
		Debug|Any CPU = Debug|Any CPU
		Debug|x64 = Debug|x64
		Debug|x86 = Debug|x86
		Release|Any CPU = Release|Any CPU
		Release|x64 = Release|x64
		Release|x86 = Release|x86
	EndGlobalSection
	GlobalSection(ProjectConfigurationPlatforms) = postSolution
		{997C2670-AAED-4092-AEB7-03AC2F374BCD}.Debug|Any CPU.ActiveCfg = Debug|Any CPU
		{997C2670-AAED-4092-AEB7-03AC2F374BCD}.Debug|Any CPU.Build.0 = Debug|Any CPU
		{997C2670-AAED-4092-AEB7-03AC2F374BCD}.Debug|x64.ActiveCfg = Debug|Any CPU
		{997C2670-AAED-4092-AEB7-03AC2F374BCD}.Debug|x64.Build.0 = Debug|Any CPU
		{997C2670-AAED-4092-AEB7-03AC2F374BCD}.Debug|x86.ActiveCfg = Debug|Any CPU
		{997C2670-AAED-4092-AEB7-03AC2F374BCD}.Debug|x86.Build.0 = Debug|Any CPU
		{997C2670-AAED-4092-AEB7-03AC2F374BCD}.Release|Any CPU.ActiveCfg = Release|Any CPU
		{997C2670-AAED-4092-AEB7-03AC2F374BCD}.Release|Any CPU.Build.0 = Release|Any CPU
		{997C2670-AAED-4092-AEB7-03AC2F374BCD}.Release|x64.ActiveCfg = Release|Any CPU
		{997C2670-AAED-4092-AEB7-03AC2F374BCD}.Release|x64.Build.0 = Release|Any CPU
		{997C2670-AAED-4092-AEB7-03AC2F374BCD}.Release|x86.ActiveCfg = Release|Any CPU
		{997C2670-AAED-4092-AEB7-03AC2F374BCD}.Release|x86.Build.0 = Release|Any CPU
		{875D0576-B85E-4B10-A92B-8E9F1F51DB1E}.Debug|Any CPU.ActiveCfg = Debug|Any CPU
		{875D0576-B85E-4B10-A92B-8E9F1F51DB1E}.Debug|Any CPU.Build.0 = Debug|Any CPU
		{875D0576-B85E-4B10-A92B-8E9F1F51DB1E}.Debug|x64.ActiveCfg = Debug|Any CPU
		{875D0576-B85E-4B10-A92B-8E9F1F51DB1E}.Debug|x64.Build.0 = Debug|Any CPU
		{875D0576-B85E-4B10-A92B-8E9F1F51DB1E}.Debug|x86.ActiveCfg = Debug|Any CPU
		{875D0576-B85E-4B10-A92B-8E9F1F51DB1E}.Debug|x86.Build.0 = Debug|Any CPU
		{875D0576-B85E-4B10-A92B-8E9F1F51DB1E}.Release|Any CPU.ActiveCfg = Release|Any CPU
		{875D0576-B85E-4B10-A92B-8E9F1F51DB1E}.Release|Any CPU.Build.0 = Release|Any CPU
		{875D0576-B85E-4B10-A92B-8E9F1F51DB1E}.Release|x64.ActiveCfg = Release|Any CPU
		{875D0576-B85E-4B10-A92B-8E9F1F51DB1E}.Release|x64.Build.0 = Release|Any CPU
		{875D0576-B85E-4B10-A92B-8E9F1F51DB1E}.Release|x86.ActiveCfg = Release|Any CPU
		{875D0576-B85E-4B10-A92B-8E9F1F51DB1E}.Release|x86.Build.0 = Release|Any CPU
		{3349A969-B58C-44B3-9B15-70AB8F192AB4}.Debug|Any CPU.ActiveCfg = Debug|Any CPU
		{3349A969-B58C-44B3-9B15-70AB8F192AB4}.Debug|Any CPU.Build.0 = Debug|Any CPU
		{3349A969-B58C-44B3-9B15-70AB8F192AB4}.Debug|x64.ActiveCfg = Debug|Any CPU
		{3349A969-B58C-44B3-9B15-70AB8F192AB4}.Debug|x64.Build.0 = Debug|Any CPU
		{3349A969-B58C-44B3-9B15-70AB8F192AB4}.Debug|x86.ActiveCfg = Debug|Any CPU
		{3349A969-B58C-44B3-9B15-70AB8F192AB4}.Debug|x86.Build.0 = Debug|Any CPU
		{3349A969-B58C-44B3-9B15-70AB8F192AB4}.Release|Any CPU.ActiveCfg = Release|Any CPU
		{3349A969-B58C-44B3-9B15-70AB8F192AB4}.Release|Any CPU.Build.0 = Release|Any CPU
		{3349A969-B58C-44B3-9B15-70AB8F192AB4}.Release|x64.ActiveCfg = Release|Any CPU
		{3349A969-B58C-44B3-9B15-70AB8F192AB4}.Release|x64.Build.0 = Release|Any CPU
		{3349A969-B58C-44B3-9B15-70AB8F192AB4}.Release|x86.ActiveCfg = Release|Any CPU
		{3349A969-B58C-44B3-9B15-70AB8F192AB4}.Release|x86.Build.0 = Release|Any CPU
		{F49F3E74-32F8-44E6-BC22-23409C3837C7}.Debug|Any CPU.ActiveCfg = Debug|Any CPU
		{F49F3E74-32F8-44E6-BC22-23409C3837C7}.Debug|Any CPU.Build.0 = Debug|Any CPU
		{F49F3E74-32F8-44E6-BC22-23409C3837C7}.Debug|x64.ActiveCfg = Debug|Any CPU
		{F49F3E74-32F8-44E6-BC22-23409C3837C7}.Debug|x64.Build.0 = Debug|Any CPU
		{F49F3E74-32F8-44E6-BC22-23409C3837C7}.Debug|x86.ActiveCfg = Debug|Any CPU
		{F49F3E74-32F8-44E6-BC22-23409C3837C7}.Debug|x86.Build.0 = Debug|Any CPU
		{F49F3E74-32F8-44E6-BC22-23409C3837C7}.Release|Any CPU.ActiveCfg = Release|Any CPU
		{F49F3E74-32F8-44E6-BC22-23409C3837C7}.Release|Any CPU.Build.0 = Release|Any CPU
		{F49F3E74-32F8-44E6-BC22-23409C3837C7}.Release|x64.ActiveCfg = Release|Any CPU
		{F49F3E74-32F8-44E6-BC22-23409C3837C7}.Release|x64.Build.0 = Release|Any CPU
		{F49F3E74-32F8-44E6-BC22-23409C3837C7}.Release|x86.ActiveCfg = Release|Any CPU
		{F49F3E74-32F8-44E6-BC22-23409C3837C7}.Release|x86.Build.0 = Release|Any CPU
	EndGlobalSection
	GlobalSection(SolutionProperties) = preSolution
		HideSolutionNode = FALSE
	EndGlobalSection
	GlobalSection(NestedProjects) = preSolution
		{997C2670-AAED-4092-AEB7-03AC2F374BCD} = {827E0CD3-B72D-47B6-A68D-7590B98EB39B}
		{875D0576-B85E-4B10-A92B-8E9F1F51DB1E} = {5D20AA90-6969-D8BD-9DCD-8634F4692FDA}
		{3349A969-B58C-44B3-9B15-70AB8F192AB4} = {0AB3BF05-4346-4AA6-1389-037BE0695223}
		{F49F3E74-32F8-44E6-BC22-23409C3837C7} = {0AB3BF05-4346-4AA6-1389-037BE0695223}
	EndGlobalSection
EndGlobal
